
Microsoft Visual Studio Solution File, Format Version 12.00
Project("{FAE04EC0-301F-11D3-BF4B-00C04F79EFBC}") = "WinJump", "WinJump\WinJump.csproj", "{5D1F2C40-1F60-4394-93C9-337A738F3BC0}"
EndProject
Global
	GlobalSection(SolutionConfigurationPlatforms) = preSolution
		Debug|Any CPU = Debug|Any CPU
		Release|Any CPU = Release|Any CPU
	EndGlobalSection
	GlobalSection(ProjectConfigurationPlatforms) = postSolution
		{5D1F2C40-1F60-4394-93C9-337A738F3BC0}.Debug|Any CPU.ActiveCfg = Debug|Any CPU
		{5D1F2C40-1F60-4394-93C9-337A738F3BC0}.Debug|Any CPU.Build.0 = Debug|Any CPU
		{5D1F2C40-1F60-4394-93C9-337A738F3BC0}.Release|Any CPU.ActiveCfg = Release|Any CPU
		{5D1F2C40-1F60-4394-93C9-337A738F3BC0}.Release|Any CPU.Build.0 = Release|Any CPU
	EndGlobalSection
EndGlobal
